
Microsoft Visual Studio Solution File, Format Version 12.00
# Visual Studio Version 18
VisualStudioVersion = 18.5.11801.241 oobstable
MinimumVisualStudioVersion = 10.0.40219.1
Project("{FAE04EC0-301F-11D3-BF4B-00C04F79EFBC}") = "TemplateEngine.Abstractions.IronPdf", "src\TemplateEngine.Abstractions.IronPdf\TemplateEngine.Abstractions.IronPdf.csproj", "{C81D04FD-F7B0-EA3B-D144-5FE309378386}"
EndProject
Project("{FAE04EC0-301F-11D3-BF4B-00C04F79EFBC}") = "TemplateEngine.Abstractions.IronPdf.Tests", "tests\TemplateEngine.Abstractions.IronPdf.Tests\TemplateEngine.Abstractions.IronPdf.Tests.csproj", "{F5AFA9D0-C709-BF57-C168-3CAA000F4B5F}"
EndProject
Global
	GlobalSection(SolutionConfigurationPlatforms) = preSolution
		Debug|Any CPU = Debug|Any CPU
		Release|Any CPU = Release|Any CPU
	EndGlobalSection
	GlobalSection(ProjectConfigurationPlatforms) = postSolution
		{C81D04FD-F7B0-EA3B-D144-5FE309378386}.Debug|Any CPU.ActiveCfg = Debug|Any CPU
		{C81D04FD-F7B0-EA3B-D144-5FE309378386}.Debug|Any CPU.Build.0 = Debug|Any CPU
		{C81D04FD-F7B0-EA3B-D144-5FE309378386}.Release|Any CPU.ActiveCfg = Release|Any CPU
		{C81D04FD-F7B0-EA3B-D144-5FE309378386}.Release|Any CPU.Build.0 = Release|Any CPU
		{F5AFA9D0-C709-BF57-C168-3CAA000F4B5F}.Debug|Any CPU.ActiveCfg = Debug|Any CPU
		{F5AFA9D0-C709-BF57-C168-3CAA000F4B5F}.Debug|Any CPU.Build.0 = Debug|Any CPU
		{F5AFA9D0-C709-BF57-C168-3CAA000F4B5F}.Release|Any CPU.ActiveCfg = Release|Any CPU
		{F5AFA9D0-C709-BF57-C168-3CAA000F4B5F}.Release|Any CPU.Build.0 = Release|Any CPU
	EndGlobalSection
	GlobalSection(SolutionProperties) = preSolution
		HideSolutionNode = FALSE
	EndGlobalSection
EndGlobal
